
Microsoft Visual Studio Solution File, Format Version 12.00
# Visual Studio Version 16
VisualStudioVersion = 16.0.29418.71
MinimumVisualStudioVersion = 10.0.40219.1
Project("{9092AA53-FB77-4645-B42D-1CCCA6BD08BD}") = "BabeBitcoin", "BabeBitcoin\BabeBitcoin.njsproj", "{ECCF8996-A1C5-4FCF-A142-62C7D5DAC8D1}"
EndProject
Global
	GlobalSection(SolutionConfigurationPlatforms) = preSolution
		Debug|Any CPU = Debug|Any CPU
		Release|Any CPU = Release|Any CPU
	EndGlobalSection
	GlobalSection(ProjectConfigurationPlatforms) = postSolution
		{ECCF8996-A1C5-4FCF-A142-62C7D5DAC8D1}.Debug|Any CPU.ActiveCfg = Debug|Any CPU
		{ECCF8996-A1C5-4FCF-A142-62C7D5DAC8D1}.Debug|Any CPU.Build.0 = Debug|Any CPU
		{ECCF8996-A1C5-4FCF-A142-62C7D5DAC8D1}.Release|Any CPU.ActiveCfg = Release|Any CPU
		{ECCF8996-A1C5-4FCF-A142-62C7D5DAC8D1}.Release|Any CPU.Build.0 = Release|Any CPU
	EndGlobalSection
	GlobalSection(SolutionProperties) = preSolution
		HideSolutionNode = FALSE
	EndGlobalSection
	GlobalSection(ExtensibilityGlobals) = postSolution
		SolutionGuid = {6D5DCEA7-B5C2-4ED3-857E-14C8AE13FD14}
	EndGlobalSection
EndGlobal
